PATH
  remote: .
  specs:
    barelytics (1.0.0)
      sqlite3 (>= 2.0, < 3)

GEM
  remote: https://rubygems.org/
  specs:
    minitest (5.27.0)
    sqlite3 (2.9.6-aarch64-linux-gnu)
    sqlite3 (2.9.6-aarch64-linux-musl)
    sqlite3 (2.9.6-arm-linux-gnu)
    sqlite3 (2.9.6-arm-linux-musl)
    sqlite3 (2.9.6-arm64-darwin)
    sqlite3 (2.9.6-x86-linux-gnu)
    sqlite3 (2.9.6-x86-linux-musl)
    sqlite3 (2.9.6-x86_64-darwin)
    sqlite3 (2.9.6-x86_64-linux-gnu)
    sqlite3 (2.9.6-x86_64-linux-musl)

PLATFORMS
  aarch64-linux-gnu
  aarch64-linux-musl
  arm-linux-gnu
  arm-linux-musl
  arm64-darwin
  x86-linux-gnu
  x86-linux-musl
  x86_64-darwin
  x86_64-linux-gnu
  x86_64-linux-musl

DEPENDENCIES
  barelytics!
  minitest (~> 5.25)

BUNDLED WITH
   2.6.7
